
Microsoft Visual Studio Solution File, Format Version 12.00
# Visual Studio Version 16
VisualStudioVersion = 16.0.30204.135
MinimumVisualStudioVersion = 10.0.40219.1
Project("{FAE04EC0-301F-11D3-BF4B-00C04F79EFBC}") = "CSGOStats", "CSGOStats\CSGOStats.csproj", "{1EED9EC6-74D6-455B-B127-85F6F81953C2}"
EndProject
Global
	GlobalSection(SolutionConfigurationPlatforms) = preSolution
		Debug|Any CPU = Debug|Any CPU
		Release|Any CPU = Release|Any CPU
	EndGlobalSection
	GlobalSection(ProjectConfigurationPlatforms) = postSolution
		{1EED9EC6-74D6-455B-B127-85F6F81953C2}.Debug|Any CPU.ActiveCfg = Debug|Any CPU
		{1EED9EC6-74D6-455B-B127-85F6F81953C2}.Debug|Any CPU.Build.0 = Debug|Any CPU
		{1EED9EC6-74D6-455B-B127-85F6F81953C2}.Release|Any CPU.ActiveCfg = Release|Any CPU
		{1EED9EC6-74D6-455B-B127-85F6F81953C2}.Release|Any CPU.Build.0 = Release|Any CPU
	EndGlobalSection
	GlobalSection(SolutionProperties) = preSolution
		HideSolutionNode = FALSE
	EndGlobalSection
	GlobalSection(ExtensibilityGlobals) = postSolution
		SolutionGuid = {C6F779F1-54ED-4D2D-9F6F-B122676A53F5}
	EndGlobalSection
EndGlobal
